
Microsoft Visual Studio Solution File, Format Version 12.00
# Visual Studio 15
VisualStudioVersion = 15.0.28307.1022
MinimumVisualStudioVersion = 10.0.40219.1
Project("{8BC9CEB8-8B4A-11D0-8D11-00A0C91BC942}") = "Card_Deck", "Card_Deck\Card_Deck.vcxproj", "{AB93356C-5162-4464-9FD9-CA1ABA7FDBAB}"
EndProject
Global
	GlobalSection(SolutionConfigurationPlatforms) = preSolution
		Debug|x64 = Debug|x64
		Debug|x86 = Debug|x86
		Release|x64 = Release|x64
		Release|x86 = Release|x86
	EndGlobalSection
	GlobalSection(ProjectConfigurationPlatforms) = postSolution
		{AB93356C-5162-4464-9FD9-CA1ABA7FDBAB}.Debug|x64.ActiveCfg = Debug|x64
		{AB93356C-5162-4464-9FD9-CA1ABA7FDBAB}.Debug|x64.Build.0 = Debug|x64
		{AB93356C-5162-4464-9FD9-CA1ABA7FDBAB}.Debug|x86.ActiveCfg = Debug|Win32
		{AB93356C-5162-4464-9FD9-CA1ABA7FDBAB}.Debug|x86.Build.0 = Debug|Win32
		{AB93356C-5162-4464-9FD9-CA1ABA7FDBAB}.Release|x64.ActiveCfg = Release|x64
		{AB93356C-5162-4464-9FD9-CA1ABA7FDBAB}.Release|x64.Build.0 = Release|x64
		{AB93356C-5162-4464-9FD9-CA1ABA7FDBAB}.Release|x86.ActiveCfg = Release|Win32
		{AB93356C-5162-4464-9FD9-CA1ABA7FDBAB}.Release|x86.Build.0 = Release|Win32
	EndGlobalSection
	GlobalSection(SolutionProperties) = preSolution
		HideSolutionNode = FALSE
	EndGlobalSection
	GlobalSection(ExtensibilityGlobals) = postSolution
		SolutionGuid = {139B70D2-5391-4AEF-800F-69D3C90441A7}
	EndGlobalSection
EndGlobal
